
Microsoft Visual Studio Solution File, Format Version 12.00
# Visual Studio 15
VisualStudioVersion = 15.0.27004.2010
MinimumVisualStudioVersion = 10.0.40219.1
Project("{2150E333-8FDC-42A3-9474-1A3956D46DE8}") = "Business", "Business", "{0E684690-0554-491D-A875-F340EF827261}"
EndProject
Project("{2150E333-8FDC-42A3-9474-1A3956D46DE8}") = "Model", "Model", "{38452D09-D32D-45FC-98E5-6E733E3E2E92}"
EndProject
Project("{2150E333-8FDC-42A3-9474-1A3956D46DE8}") = "Controllers", "Controllers", "{CC8DBA7B-F70B-4131-92B4-0101FA7C7457}"
EndProject
Project("{2150E333-8FDC-42A3-9474-1A3956D46DE8}") = "Repositories", "Repositories", "{4C76CF77-1118-43D0-90AA-E6DBF6FF12F9}"
EndProject
Project("{FAE04EC0-301F-11D3-BF4B-00C04F79EFBC}") = "Adou.Api.Service", "Adou.Api.Service\Adou.Api.Service.csproj", "{FA4AB62D-C4C2-470A-8C6C-FCB14BCE97E1}"
EndProject
Project("{FAE04EC0-301F-11D3-BF4B-00C04F79EFBC}") = "Adou.Api.Model", "Adou.Api.Model\Adou.Api.Model.csproj", "{70909357-658E-4B2F-AD35-48DFD70A26FC}"
EndProject
Project("{2150E333-8FDC-42A3-9474-1A3956D46DE8}") = "Service", "Service", "{6A7FE863-C20C-495C-AB8F-C2794D15F9F4}"
EndProject
Project("{FAE04EC0-301F-11D3-BF4B-00C04F79EFBC}") = "Adou.DDD", "Adou.DDD\Adou.DDD.csproj", "{C94AABB5-9443-4A03-9B28-17AE32337F84}"
EndProject
Project("{FAE04EC0-301F-11D3-BF4B-00C04F79EFBC}") = "Adou.Repositories.EF", "Adou.Repositories.EF\Adou.Repositories.EF.csproj", "{5A25A611-37C9-440E-92D8-41C44D756ADD}"
EndProject
Project("{FAE04EC0-301F-11D3-BF4B-00C04F79EFBC}") = "Adou.Repositories.PetaPoco", "Adou.Repositories.PetaPoco\Adou.Repositories.PetaPoco.csproj", "{4B69D875-FCA7-4F4E-81B0-B7A442924A15}"
EndProject
Project("{FAE04EC0-301F-11D3-BF4B-00C04F79EFBC}") = "Adou.Repositories.Mongo", "Adou.Repositories.Mongo\Adou.Repositories.Mongo.csproj", "{9D70B1D1-D2D2-4882-BD14-D17601C53D47}"
EndProject
Project("{FAE04EC0-301F-11D3-BF4B-00C04F79EFBC}") = "Adou.Entity", "Adou.Entity\Adou.Entity.csproj", "{90BCDB23-5829-4020-ABFE-0CE3591CAB5C}"
EndProject
Project("{2150E333-8FDC-42A3-9474-1A3956D46DE8}") = "Web", "Web", "{7F3CF798-E51C-407C-9140-6633B3B21950}"
EndProject
Project("{FAE04EC0-301F-11D3-BF4B-00C04F79EFBC}") = "Adou.WpfApp.Test", "Adou.WpfApp.Test\Adou.WpfApp.Test.csproj", "{71793DAA-ACAB-4DD8-9D30-C62481E49757}"
EndProject
Project("{FAE04EC0-301F-11D3-BF4B-00C04F79EFBC}") = "Adou.Api.Controllers", "Adou.Api.Controllers\Adou.Api.Controllers.csproj", "{11490A7A-EF0A-4572-9099-C4270D7F30DF}"
EndProject
Project("{FAE04EC0-301F-11D3-BF4B-00C04F79EFBC}") = "Adou.Api", "Adou.Api\Adou.Api.csproj", "{972D0E06-4FED-453C-9B33-1BAD601F2FBD}"
EndProject
Project("{FAE04EC0-301F-11D3-BF4B-00C04F79EFBC}") = "Adou.AuthManage", "Adou.AuthManage\Adou.AuthManage.csproj", "{2ECE546D-A518-4B09-875C-938A04991ABC}"
EndProject
Project("{FAE04EC0-301F-11D3-BF4B-00C04F79EFBC}") = "Adou.AngularJS", "Adou.AngularJS\Adou.AngularJS.csproj", "{E8B22080-A143-4184-853F-FBC345DF0E1E}"
EndProject
Project("{FAE04EC0-301F-11D3-BF4B-00C04F79EFBC}") = "Adou.VueJS", "Adou.VueJS\Adou.VueJS.csproj", "{E6666C78-3B88-45F6-A77C-713DBAA82EB2}"
EndProject
Global
	GlobalSection(SolutionConfigurationPlatforms) = preSolution
		Debug|Any CPU = Debug|Any CPU
		Release|Any CPU = Release|Any CPU
	EndGlobalSection
	GlobalSection(ProjectConfigurationPlatforms) = postSolution
		{FA4AB62D-C4C2-470A-8C6C-FCB14BCE97E1}.Debug|Any CPU.ActiveCfg = Debug|Any CPU
		{FA4AB62D-C4C2-470A-8C6C-FCB14BCE97E1}.Debug|Any CPU.Build.0 = Debug|Any CPU
		{FA4AB62D-C4C2-470A-8C6C-FCB14BCE97E1}.Release|Any CPU.ActiveCfg = Release|Any CPU
		{FA4AB62D-C4C2-470A-8C6C-FCB14BCE97E1}.Release|Any CPU.Build.0 = Release|Any CPU
		{70909357-658E-4B2F-AD35-48DFD70A26FC}.Debug|Any CPU.ActiveCfg = Debug|Any CPU
		{70909357-658E-4B2F-AD35-48DFD70A26FC}.Debug|Any CPU.Build.0 = Debug|Any CPU
		{70909357-658E-4B2F-AD35-48DFD70A26FC}.Release|Any CPU.ActiveCfg = Release|Any CPU
		{70909357-658E-4B2F-AD35-48DFD70A26FC}.Release|Any CPU.Build.0 = Release|Any CPU
		{C94AABB5-9443-4A03-9B28-17AE32337F84}.Debug|Any CPU.ActiveCfg = Debug|Any CPU
		{C94AABB5-9443-4A03-9B28-17AE32337F84}.Debug|Any CPU.Build.0 = Debug|Any CPU
		{C94AABB5-9443-4A03-9B28-17AE32337F84}.Release|Any CPU.ActiveCfg = Release|Any CPU
		{C94AABB5-9443-4A03-9B28-17AE32337F84}.Release|Any CPU.Build.0 = Release|Any CPU
		{5A25A611-37C9-440E-92D8-41C44D756ADD}.Debug|Any CPU.ActiveCfg = Debug|Any CPU
		{5A25A611-37C9-440E-92D8-41C44D756ADD}.Debug|Any CPU.Build.0 = Debug|Any CPU
		{5A25A611-37C9-440E-92D8-41C44D756ADD}.Release|Any CPU.ActiveCfg = Release|Any CPU
		{5A25A611-37C9-440E-92D8-41C44D756ADD}.Release|Any CPU.Build.0 = Release|Any CPU
		{4B69D875-FCA7-4F4E-81B0-B7A442924A15}.Debug|Any CPU.ActiveCfg = Debug|Any CPU
		{4B69D875-FCA7-4F4E-81B0-B7A442924A15}.Debug|Any CPU.Build.0 = Debug|Any CPU
		{4B69D875-FCA7-4F4E-81B0-B7A442924A15}.Release|Any CPU.ActiveCfg = Release|Any CPU
		{4B69D875-FCA7-4F4E-81B0-B7A442924A15}.Release|Any CPU.Build.0 = Release|Any CPU
		{9D70B1D1-D2D2-4882-BD14-D17601C53D47}.Debug|Any CPU.ActiveCfg = Debug|Any CPU
		{9D70B1D1-D2D2-4882-BD14-D17601C53D47}.Debug|Any CPU.Build.0 = Debug|Any CPU
		{9D70B1D1-D2D2-4882-BD14-D17601C53D47}.Release|Any CPU.ActiveCfg = Release|Any CPU
		{9D70B1D1-D2D2-4882-BD14-D17601C53D47}.Release|Any CPU.Build.0 = Release|Any CPU
		{90BCDB23-5829-4020-ABFE-0CE3591CAB5C}.Debug|Any CPU.ActiveCfg = Debug|Any CPU
		{90BCDB23-5829-4020-ABFE-0CE3591CAB5C}.Debug|Any CPU.Build.0 = Debug|Any CPU
		{90BCDB23-5829-4020-ABFE-0CE3591CAB5C}.Release|Any CPU.ActiveCfg = Release|Any CPU
		{90BCDB23-5829-4020-ABFE-0CE3591CAB5C}.Release|Any CPU.Build.0 = Release|Any CPU
		{71793DAA-ACAB-4DD8-9D30-C62481E49757}.Debug|Any CPU.ActiveCfg = Debug|Any CPU
		{71793DAA-ACAB-4DD8-9D30-C62481E49757}.Debug|Any CPU.Build.0 = Debug|Any CPU
		{71793DAA-ACAB-4DD8-9D30-C62481E49757}.Release|Any CPU.ActiveCfg = Release|Any CPU
		{71793DAA-ACAB-4DD8-9D30-C62481E49757}.Release|Any CPU.Build.0 = Release|Any CPU
		{11490A7A-EF0A-4572-9099-C4270D7F30DF}.Debug|Any CPU.ActiveCfg = Debug|Any CPU
		{11490A7A-EF0A-4572-9099-C4270D7F30DF}.Debug|Any CPU.Build.0 = Debug|Any CPU
		{11490A7A-EF0A-4572-9099-C4270D7F30DF}.Release|Any CPU.ActiveCfg = Release|Any CPU
		{11490A7A-EF0A-4572-9099-C4270D7F30DF}.Release|Any CPU.Build.0 = Release|Any CPU
		{972D0E06-4FED-453C-9B33-1BAD601F2FBD}.Debug|Any CPU.ActiveCfg = Debug|Any CPU
		{972D0E06-4FED-453C-9B33-1BAD601F2FBD}.Debug|Any CPU.Build.0 = Debug|Any CPU
		{972D0E06-4FED-453C-9B33-1BAD601F2FBD}.Release|Any CPU.ActiveCfg = Release|Any CPU
		{972D0E06-4FED-453C-9B33-1BAD601F2FBD}.Release|Any CPU.Build.0 = Release|Any CPU
		{2ECE546D-A518-4B09-875C-938A04991ABC}.Debug|Any CPU.ActiveCfg = Debug|Any CPU
		{2ECE546D-A518-4B09-875C-938A04991ABC}.Debug|Any CPU.Build.0 = Debug|Any CPU
		{2ECE546D-A518-4B09-875C-938A04991ABC}.Release|Any CPU.ActiveCfg = Release|Any CPU
		{2ECE546D-A518-4B09-875C-938A04991ABC}.Release|Any CPU.Build.0 = Release|Any CPU
		{E8B22080-A143-4184-853F-FBC345DF0E1E}.Debug|Any CPU.ActiveCfg = Debug|Any CPU
		{E8B22080-A143-4184-853F-FBC345DF0E1E}.Debug|Any CPU.Build.0 = Debug|Any CPU
		{E8B22080-A143-4184-853F-FBC345DF0E1E}.Release|Any CPU.ActiveCfg = Release|Any CPU
		{E8B22080-A143-4184-853F-FBC345DF0E1E}.Release|Any CPU.Build.0 = Release|Any CPU
		{E6666C78-3B88-45F6-A77C-713DBAA82EB2}.Debug|Any CPU.ActiveCfg = Debug|Any CPU
		{E6666C78-3B88-45F6-A77C-713DBAA82EB2}.Debug|Any CPU.Build.0 = Debug|Any CPU
		{E6666C78-3B88-45F6-A77C-713DBAA82EB2}.Release|Any CPU.ActiveCfg = Release|Any CPU
		{E6666C78-3B88-45F6-A77C-713DBAA82EB2}.Release|Any CPU.Build.0 = Release|Any CPU
	EndGlobalSection
	GlobalSection(SolutionProperties) = preSolution
		HideSolutionNode = FALSE
	EndGlobalSection
	GlobalSection(NestedProjects) = preSolution
		{FA4AB62D-C4C2-470A-8C6C-FCB14BCE97E1} = {0E684690-0554-491D-A875-F340EF827261}
		{70909357-658E-4B2F-AD35-48DFD70A26FC} = {38452D09-D32D-45FC-98E5-6E733E3E2E92}
		{C94AABB5-9443-4A03-9B28-17AE32337F84} = {6A7FE863-C20C-495C-AB8F-C2794D15F9F4}
		{5A25A611-37C9-440E-92D8-41C44D756ADD} = {4C76CF77-1118-43D0-90AA-E6DBF6FF12F9}
		{4B69D875-FCA7-4F4E-81B0-B7A442924A15} = {4C76CF77-1118-43D0-90AA-E6DBF6FF12F9}
		{9D70B1D1-D2D2-4882-BD14-D17601C53D47} = {4C76CF77-1118-43D0-90AA-E6DBF6FF12F9}
		{90BCDB23-5829-4020-ABFE-0CE3591CAB5C} = {38452D09-D32D-45FC-98E5-6E733E3E2E92}
		{11490A7A-EF0A-4572-9099-C4270D7F30DF} = {CC8DBA7B-F70B-4131-92B4-0101FA7C7457}
		{2ECE546D-A518-4B09-875C-938A04991ABC} = {7F3CF798-E51C-407C-9140-6633B3B21950}
		{E8B22080-A143-4184-853F-FBC345DF0E1E} = {7F3CF798-E51C-407C-9140-6633B3B21950}
		{E6666C78-3B88-45F6-A77C-713DBAA82EB2} = {7F3CF798-E51C-407C-9140-6633B3B21950}
	EndGlobalSection
	GlobalSection(ExtensibilityGlobals) = postSolution
		SolutionGuid = {8A837C46-65DF-4389-B32E-1E7E635661C6}
	EndGlobalSection
EndGlobal
